Microsoft Visual Studio Solution File, Format Version 12.00
# Visual Studio Version 17
VisualStudioVersion = 17.5.2.0
MinimumVisualStudioVersion = 10.0.40219.1
Project("{FAE04EC0-301F-11D3-BF4B-00C04F79EFBC}") = "test_proj", "test_proj\test_proj.csproj", "{4A3508D9-7BE5-335D-E178-3F6045139F14}"
EndProject
Global
	GlobalSection(SolutionConfigurationPlatforms) = preSolution
		Debug|Any CPU = Debug|Any CPU
		Release|Any CPU = Release|Any CPU
	EndGlobalSection
	GlobalSection(ProjectConfigurationPlatforms) = postSolution
		{4A3508D9-7BE5-335D-E178-3F6045139F14}.Debug|Any CPU.ActiveCfg = Debug|Any CPU
		{4A3508D9-7BE5-335D-E178-3F6045139F14}.Debug|Any CPU.Build.0 = Debug|Any CPU
		{4A3508D9-7BE5-335D-E178-3F6045139F14}.Release|Any CPU.ActiveCfg = Release|Any CPU
		{4A3508D9-7BE5-335D-E178-3F6045139F14}.Release|Any CPU.Build.0 = Release|Any CPU
	EndGlobalSection
	GlobalSection(SolutionProperties) = preSolution
		HideSolutionNode = FALSE
	EndGlobalSection
	GlobalSection(ExtensibilityGlobals) = postSolution
		SolutionGuid = {57ED1015-258B-4B7F-BDBE-C9F617F9A58B}
	EndGlobalSection
EndGlobal
